
Microsoft Visual Studio Solution File, Format Version 12.00
# Visual Studio 15
VisualStudioVersion = 15.0.28010.2036
MinimumVisualStudioVersion = 10.0.40219.1
Project("{8BC9CEB8-8B4A-11D0-8D11-00A0C91BC942}") = "Lab1-2", "Lab1-2\Lab1-2.vcxproj", "{1C083638-54C7-4383-8F25-F8A86E10E060}"
EndProject
Global
	GlobalSection(SolutionConfigurationPlatforms) = preSolution
		Debug|x64 = Debug|x64
		Debug|x86 = Debug|x86
		Release|x64 = Release|x64
		Release|x86 = Release|x86
	EndGlobalSection
	GlobalSection(ProjectConfigurationPlatforms) = postSolution
		{1C083638-54C7-4383-8F25-F8A86E10E060}.Debug|x64.ActiveCfg = Debug|x64
		{1C083638-54C7-4383-8F25-F8A86E10E060}.Debug|x64.Build.0 = Debug|x64
		{1C083638-54C7-4383-8F25-F8A86E10E060}.Debug|x86.ActiveCfg = Debug|Win32
		{1C083638-54C7-4383-8F25-F8A86E10E060}.Debug|x86.Build.0 = Debug|Win32
		{1C083638-54C7-4383-8F25-F8A86E10E060}.Release|x64.ActiveCfg = Release|x64
		{1C083638-54C7-4383-8F25-F8A86E10E060}.Release|x64.Build.0 = Release|x64
		{1C083638-54C7-4383-8F25-F8A86E10E060}.Release|x86.ActiveCfg = Release|Win32
		{1C083638-54C7-4383-8F25-F8A86E10E060}.Release|x86.Build.0 = Release|Win32
	EndGlobalSection
	GlobalSection(SolutionProperties) = preSolution
		HideSolutionNode = FALSE
	EndGlobalSection
	GlobalSection(ExtensibilityGlobals) = postSolution
		SolutionGuid = {758E8DEB-85E0-4D40-9255-162013DD0935}
	EndGlobalSection
EndGlobal
